
Microsoft Visual Studio Solution File, Format Version 12.00
# Visual Studio Version 17
VisualStudioVersion = 17.8.34511.84
MinimumVisualStudioVersion = 10.0.40219.1
Project("{FAE04EC0-301F-11D3-BF4B-00C04F79EFBC}") = "lecture 09 recap", "lecture 09 recap\lecture 09 recap.csproj", "{C9674899-1D6B-41F8-A8A3-9FAA16B2547D}"
EndProject
Global
	GlobalSection(SolutionConfigurationPlatforms) = preSolution
		Debug|Any CPU = Debug|Any CPU
		Release|Any CPU = Release|Any CPU
	EndGlobalSection
	GlobalSection(ProjectConfigurationPlatforms) = postSolution
		{C9674899-1D6B-41F8-A8A3-9FAA16B2547D}.Debug|Any CPU.ActiveCfg = Debug|Any CPU
		{C9674899-1D6B-41F8-A8A3-9FAA16B2547D}.Debug|Any CPU.Build.0 = Debug|Any CPU
		{C9674899-1D6B-41F8-A8A3-9FAA16B2547D}.Release|Any CPU.ActiveCfg = Release|Any CPU
		{C9674899-1D6B-41F8-A8A3-9FAA16B2547D}.Release|Any CPU.Build.0 = Release|Any CPU
	EndGlobalSection
	GlobalSection(SolutionProperties) = preSolution
		HideSolutionNode = FALSE
	EndGlobalSection
	GlobalSection(ExtensibilityGlobals) = postSolution
		SolutionGuid = {86AF9BEF-F876-4A47-8AD6-CD72B4E034BA}
	EndGlobalSection
EndGlobal
